<Solution>
  <Folder Name="/api/">
    <Project Path="api/DataCoordinationService/DataCoordinationService.csproj" />
    <Project Path="api/EventProcessingService/EventProcessingService.csproj" />
    <Project Path="api/TrainTrackingService/TrainTrackingService.csproj" />
    <Project Path="api/UserManagementService/UserManagementService.csproj" />
    <Project Path="api/PaymentService/PaymentService.csproj" />
    <Project Path="api/TicketQRService/TicketQRService.csproj" />
  </Folder>
</Solution>


